// !$*UTF8*$!
{
	archiveVersion = 1;
	classes = {
	};
	objectVersion = 77;
	objects = {

/* Begin PBXContainerItemProxy section */
		4C73C74F2D57DF41005F0648 /* PBXContainerItemProxy */ = {
			isa = PBXContainerItemProxy;
			containerPortal = 4C73C7342D57DF3F005F0648 /* Project object */;
			proxyType = 1;
			remoteGlobalIDString = 4C73C73B2D57DF3F005F0648;
			remoteInfo = Bootwarmer;
		};
		4C73C7592D57DF41005F0648 /* PBXContainerItemProxy */ = {
			isa = PBXContainerItemProxy;
			containerPortal = 4C73C7342D57DF3F005F0648 /* Project object */;
			proxyType = 1;
			remoteGlobalIDString = 4C73C73B2D57DF3F005F0648;
			remoteInfo = Bootwarmer;
		};
/* End PBXContainerItemProxy section */

/* Begin PBXFileReference section */
		4C73C73C2D57DF3F005F0648 /* Bootwarmer.app */ = {isa = PBXFileReference; explicitFileType = wrapper.application; includeInIndex = 0; path = Bootwarmer.app; sourceTree = BUILT_PRODUCTS_DIR; };
		4C73C74E2D57DF41005F0648 /* BootwarmerTests.xctest */ = {isa = PBXFileReference; explicitFileType = wrapper.cfbundle; includeInIndex = 0; path = BootwarmerTests.xctest; sourceTree = BUILT_PRODUCTS_DIR; };
		4C73C7582D57DF41005F0648 /* BootwarmerUITests.xctest */ = {isa = PBXFileReference; explicitFileType = wrapper.cfbundle; includeInIndex = 0; path = BootwarmerUITests.xctest; sourceTree = BUILT_PRODUCTS_DIR; };
/* End PBXFileReference section */

/* Begin PBXFileSystemSynchronizedRootGroup section */
		4C73C73E2D57DF3F005F0648 /* Bootwarmer */ = {
			isa = PBXFileSystemSynchronizedRootGroup;
			path = Bootwarmer;
			sourceTree = "<group>";
		};
		4C73C7512D57DF41005F0648 /* BootwarmerTests */ = {
			isa = PBXFileSystemSynchronizedRootGroup;
			path = BootwarmerTests;
			sourceTree = "<group>";
		};
		4C73C75B2D57DF41005F0648 /* BootwarmerUITests */ = {
			isa = PBXFileSystemSynchronizedRootGroup;
			path = BootwarmerUITests;
			sourceTree = "<group>";
		};
/* End PBXFileSystemSynchronizedRootGroup section */

/* Begin PBXFrameworksBuildPhase section */
		4C73C7392D57DF3F005F0648 /* Frameworks */ = {
			isa = PBXFrameworksBuildPhase;
			buildActionMask = 2147483647;
			files = (
			);
			runOnlyForDeploymentPostprocessing = 0;
		};
		4C73C74B2D57DF41005F0648 /* Frameworks */ = {
			isa = PBXFrameworksBuildPhase;
			buildActionMask = 2147483647;
			files = (
			);
			runOnlyForDeploymentPostprocessing = 0;
		};
		4C73C7552D57DF41005F0648 /* Frameworks */ = {
			isa = PBXFrameworksBuildPhase;
			buildActionMask = 2147483647;
			files = (
			);
			runOnlyForDeploymentPostprocessing = 0;
		};
/* End PBXFrameworksBuildPhase section */

/* Begin PBXGroup section */
		4C73C7332D57DF3F005F0648 = {
			isa = PBXGroup;
			children = (
				4C73C73E2D57DF3F005F0648 /* Bootwarmer */,
				4C73C7512D57DF41005F0648 /* BootwarmerTests */,
				4C73C75B2D57DF41005F0648 /* BootwarmerUITests */,
				4C73C73D2D57DF3F005F0648 /* Products */,
			);
			sourceTree = "<group>";
		};
		4C73C73D2D57DF3F005F0648 /* Products */ = {
			isa = PBXGroup;
			children = (
				4C73C73C2D57DF3F005F0648 /* Bootwarmer.app */,
				4C73C74E2D57DF41005F0648 /* BootwarmerTests.xctest */,
				4C73C7582D57DF41005F0648 /* BootwarmerUITests.xctest */,
			);
			name = Products;
			sourceTree = "<group>";
		};
/* End PBXGroup section */

/* Begin PBXNativeTarget section */
		4C73C73B2D57DF3F005F0648 /* Bootwarmer */ = {
			isa = PBXNativeTarget;
			buildConfigurationList = 4C73C7622D57DF41005F0648 /* Build configuration list for PBXNativeTarget "Bootwarmer" */;
			buildPhases = (
				4C73C7382D57DF3F005F0648 /* Sources */,
				4C73C7392D57DF3F005F0648 /* Frameworks */,
				4C73C73A2D57DF3F005F0648 /* Resources */,
			);
			buildRules = (
			);
			dependencies = (
			);
			fileSystemSynchronizedGroups = (
				4C73C73E2D57DF3F005F0648 /* Bootwarmer */,
			);
			name = Bootwarmer;
			packageProductDependencies = (
			);
			productName = Bootwarmer;
			productReference = 4C73C73C2D57DF3F005F0648 /* Bootwarmer.app */;
			productType = "com.apple.product-type.application";
		};
		4C73C74D2D57DF41005F0648 /* BootwarmerTests */ = {
			isa = PBXNativeTarget;
			buildConfigurationList = 4C73C7652D57DF41005F0648 /* Build configuration list for PBXNativeTarget "BootwarmerTests" */;
			buildPhases = (
				4C73C74A2D57DF41005F0648 /* Sources */,
				4C73C74B2D57DF41005F0648 /* Frameworks */,
				4C73C74C2D57DF41005F0648 /* Resources */,
			);
			buildRules = (
			);
			dependencies = (
				4C73C7502D57DF41005F0648 /* PBXTargetDependency */,
			);
			fileSystemSynchronizedGroups = (
				4C73C7512D57DF41005F0648 /* BootwarmerTests */,
			);
			name = BootwarmerTests;
			packageProductDependencies = (
			);
			productName = BootwarmerTests;
			productReference = 4C73C74E2D57DF41005F0648 /* BootwarmerTests.xctest */;
			productType = "com.apple.product-type.bundle.unit-test";
		};
		4C73C7572D57DF41005F0648 /* BootwarmerUITests */ = {
			isa = PBXNativeTarget;
			buildConfigurationList = 4C73C7682D57DF41005F0648 /* Build configuration list for PBXNativeTarget "BootwarmerUITests" */;
			buildPhases = (
				4C73C7542D57DF41005F0648 /* Sources */,
				4C73C7552D57DF41005F0648 /* Frameworks */,
				4C73C7562D57DF41005F0648 /* Resources */,
			);
			buildRules = (
			);
			dependencies = (
				4C73C75A2D57DF41005F0648 /* PBXTargetDependency */,
			);
			fileSystemSynchronizedGroups = (
				4C73C75B2D57DF41005F0648 /* BootwarmerUITests */,
			);
			name = BootwarmerUITests;
			packageProductDependencies = (
			);
			productName = BootwarmerUITests;
			productReference = 4C73C7582D57DF41005F0648 /* BootwarmerUITests.xctest */;
			productType = "com.apple.product-type.bundle.ui-testing";
		};
/* End PBXNativeTarget section */

/* Begin PBXProject section */
		4C73C7342D57DF3F005F0648 /* Project object */ = {
			isa = PBXProject;
			attributes = {
				BuildIndependentTargetsInParallel = 1;
				LastSwiftUpdateCheck = 1620;
				LastUpgradeCheck = 1620;
				TargetAttributes = {
					4C73C73B2D57DF3F005F0648 = {
						CreatedOnToolsVersion = 16.2;
					};
					4C73C74D2D57DF41005F0648 = {
						CreatedOnToolsVersion = 16.2;
						TestTargetID = 4C73C73B2D57DF3F005F0648;
					};
					4C73C7572D57DF41005F0648 = {
						CreatedOnToolsVersion = 16.2;
						TestTargetID = 4C73C73B2D57DF3F005F0648;
					};
				};
			};
			buildConfigurationList = 4C73C7372D57DF3F005F0648 /* Build configuration list for PBXProject "Bootwarmer" */;
			developmentRegion = en;
			hasScannedForEncodings = 0;
			knownRegions = (
				en,
				Base,
			);
			mainGroup = 4C73C7332D57DF3F005F0648;
			minimizedProjectReferenceProxies = 1;
			preferredProjectObjectVersion = 77;
			productRefGroup = 4C73C73D2D57DF3F005F0648 /* Products */;
			projectDirPath = "";
			projectRoot = "";
			targets = (
				4C73C73B2D57DF3F005F0648 /* Bootwarmer */,
				4C73C74D2D57DF41005F0648 /* BootwarmerTests */,
				4C73C7572D57DF41005F0648 /* BootwarmerUITests */,
			);
		};
/* End PBXProject section */

/* Begin PBXResourcesBuildPhase section */
		4C73C73A2D57DF3F005F0648 /* Resources */ = {
			isa = PBXResourcesBuildPhase;
			buildActionMask = 2147483647;
			files = (
			);
			runOnlyForDeploymentPostprocessing = 0;
		};
		4C73C74C2D57DF41005F0648 /* Resources */ = {
			isa = PBXResourcesBuildPhase;
			buildActionMask = 2147483647;
			files = (
			);
			runOnlyForDeploymentPostprocessing = 0;
		};
		4C73C7562D57DF41005F0648 /* Resources */ = {
			isa = PBXResourcesBuildPhase;
			buildActionMask = 2147483647;
			files = (
			);
			runOnlyForDeploymentPostprocessing = 0;
		};
/* End PBXResourcesBuildPhase section */

/* Begin PBXSourcesBuildPhase section */
		4C73C7382D57DF3F005F0648 /* Sources */ = {
			isa = PBXSourcesBuildPhase;
			buildActionMask = 2147483647;
			files = (
			);
			runOnlyForDeploymentPostprocessing = 0;
		};
		4C73C74A2D57DF41005F0648 /* Sources */ = {
			isa = PBXSourcesBuildPhase;
			buildActionMask = 2147483647;
			files = (
			);
			runOnlyForDeploymentPostprocessing = 0;
		};
		4C73C7542D57DF41005F0648 /* Sources */ = {
			isa = PBXSourcesBuildPhase;
			buildActionMask = 2147483647;
			files = (
			);
			runOnlyForDeploymentPostprocessing = 0;
		};
/* End PBXSourcesBuildPhase section */

/* Begin PBXTargetDependency section */
		4C73C7502D57DF41005F0648 /* PBXTargetDependency */ = {
			isa = PBXTargetDependency;
			target = 4C73C73B2D57DF3F005F0648 /* Bootwarmer */;
			targetProxy = 4C73C74F2D57DF41005F0648 /* PBXContainerItemProxy */;
		};
		4C73C75A2D57DF41005F0648 /* PBXTargetDependency */ = {
			isa = PBXTargetDependency;
			target = 4C73C73B2D57DF3F005F0648 /* Bootwarmer */;
			targetProxy = 4C73C7592D57DF41005F0648 /* PBXContainerItemProxy */;
		};
/* End PBXTargetDependency section */

/* Begin XCBuildConfiguration section */
		4C73C7602D57DF41005F0648 /* Debug */ = {
			isa = XCBuildConfiguration;
			buildSettings = {
				ALWAYS_SEARCH_USER_PATHS = NO;
				ASSETCATALOG_COMPILER_GENERATE_SWIFT_ASSET_SYMBOL_EXTENSIONS = YES;
				CLANG_ANALYZER_NONNULL = YES;
				CLANG_ANALYZER_NUMBER_OBJECT_CONVERSION = YES_AGGRESSIVE;
				CLANG_CXX_LANGUAGE_STANDARD = "gnu++20";
				CLANG_ENABLE_MODULES = YES;
				CLANG_ENABLE_OBJC_ARC = YES;
				CLANG_ENABLE_OBJC_WEAK = YES;
				CLANG_WARN_BLOCK_CAPTURE_AUTORELEASING = YES;
				CLANG_WARN_BOOL_CONVERSION = YES;
				CLANG_WARN_COMMA = YES;
				CLANG_WARN_CONSTANT_CONVERSION = YES;
				CLANG_WARN_DEPRECATED_OBJC_IMPLEMENTATIONS = YES;
				CLANG_WARN_DIRECT_OBJC_ISA_USAGE = YES_ERROR;
				CLANG_WARN_DOCUMENTATION_COMMENTS = YES;
				CLANG_WARN_EMPTY_BODY = YES;
				CLANG_WARN_ENUM_CONVERSION = YES;
				CLANG_WARN_INFINITE_RECURSION = YES;
				CLANG_WARN_INT_CONVERSION = YES;
				CLANG_WARN_NON_LITERAL_NULL_CONVERSION = YES;
				CLANG_WARN_OBJC_IMPLICIT_RETAIN_SELF = YES;
				CLANG_WARN_OBJC_LITERAL_CONVERSION = YES;
				CLANG_WARN_OBJC_ROOT_CLASS = YES_ERROR;
				CLANG_WARN_QUOTED_INCLUDE_IN_FRAMEWORK_HEADER = YES;
				CLANG_WARN_RANGE_LOOP_ANALYSIS = YES;
				CLANG_WARN_STRICT_PROTOTYPES = YES;
				CLANG_WARN_SUSPICIOUS_MOVE = YES;
				CLANG_WARN_UNGUARDED_AVAILABILITY = YES_AGGRESSIVE;
				CLANG_WARN_UNREACHABLE_CODE = YES;
				CLANG_WARN__DUPLICATE_METHOD_MATCH = YES;
				COPY_PHASE_STRIP = NO;
				DEBUG_INFORMATION_FORMAT = dwarf;
				ENABLE_STRICT_OBJC_MSGSEND = YES;
				ENABLE_TESTABILITY = YES;
				ENABLE_USER_SCRIPT_SANDBOXING = YES;
				GCC_C_LANGUAGE_STANDARD = gnu17;
				GCC_DYNAMIC_NO_PIC = NO;
				GCC_NO_COMMON_BLOCKS = YES;
				GCC_OPTIMIZATION_LEVEL = 0;
				GCC_PREPROCESSOR_DEFINITIONS = (
					"DEBUG=1",
					"$(inherited)",
				);
				GCC_WARN_64_TO_32_BIT_CONVERSION = YES;
				GCC_WARN_ABOUT_RETURN_TYPE = YES_ERROR;
				GCC_WARN_UNDECLARED_SELECTOR = YES;
				GCC_WARN_UNINITIALIZED_AUTOS = YES_AGGRESSIVE;
				GCC_WARN_UNUSED_FUNCTION = YES;
				GCC_WARN_UNUSED_VARIABLE = YES;
				IPHONEOS_DEPLOYMENT_TARGET = 18.2;
				LOCALIZATION_PREFERS_STRING_CATALOGS = YES;
				MTL_ENABLE_DEBUG_INFO = INCLUDE_SOURCE;
				MTL_FAST_MATH = YES;
				ONLY_ACTIVE_ARCH = YES;
				SDKROOT = iphoneos;
				SWIFT_ACTIVE_COMPILATION_CONDITIONS = "DEBUG $(inherited)";
				SWIFT_OPTIMIZATION_LEVEL = "-Onone";
			};
			name = Debug;
		};
		4C73C7612D57DF41005F0648 /* Release */ = {
			isa = XCBuildConfiguration;
			buildSettings = {
				ALWAYS_SEARCH_USER_PATHS = NO;
				ASSETCATALOG_COMPILER_GENERATE_SWIFT_ASSET_SYMBOL_EXTENSIONS = YES;
				CLANG_ANALYZER_NONNULL = YES;
				CLANG_ANALYZER_NUMBER_OBJECT_CONVERSION = YES_AGGRESSIVE;
				CLANG_CXX_LANGUAGE_STANDARD = "gnu++20";
				CLANG_ENABLE_MODULES = YES;
				CLANG_ENABLE_OBJC_ARC = YES;
				CLANG_ENABLE_OBJC_WEAK = YES;
				CLANG_WARN_BLOCK_CAPTURE_AUTORELEASING = YES;
				CLANG_WARN_BOOL_CONVERSION = YES;
				CLANG_WARN_COMMA = YES;
				CLANG_WARN_CONSTANT_CONVERSION = YES;
				CLANG_WARN_DEPRECATED_OBJC_IMPLEMENTATIONS = YES;
				CLANG_WARN_DIRECT_OBJC_ISA_USAGE = YES_ERROR;
				CLANG_WARN_DOCUMENTATION_COMMENTS = YES;
				CLANG_WARN_EMPTY_BODY = YES;
				CLANG_WARN_ENUM_CONVERSION = YES;
				CLANG_WARN_INFINITE_RECURSION = YES;
				CLANG_WARN_INT_CONVERSION = YES;
				CLANG_WARN_NON_LITERAL_NULL_CONVERSION = YES;
				CLANG_WARN_OBJC_IMPLICIT_RETAIN_SELF = YES;
				CLANG_WARN_OBJC_LITERAL_CONVERSION = YES;
				CLANG_WARN_OBJC_ROOT_CLASS = YES_ERROR;
				CLANG_WARN_QUOTED_INCLUDE_IN_FRAMEWORK_HEADER = YES;
				CLANG_WARN_RANGE_LOOP_ANALYSIS = YES;
				CLANG_WARN_STRICT_PROTOTYPES = YES;
				CLANG_WARN_SUSPICIOUS_MOVE = YES;
				CLANG_WARN_UNGUARDED_AVAILABILITY = YES_AGGRESSIVE;
				CLANG_WARN_UNREACHABLE_CODE = YES;
				CLANG_WARN__DUPLICATE_METHOD_MATCH = YES;
				COPY_PHASE_STRIP = NO;
				DEBUG_INFORMATION_FORMAT = "dwarf-with-dsym";
				ENABLE_NS_ASSERTIONS = NO;
				ENABLE_STRICT_OBJC_MSGSEND = YES;
				ENABLE_USER_SCRIPT_SANDBOXING = YES;
				GCC_C_LANGUAGE_STANDARD = gnu17;
				GCC_NO_COMMON_BLOCKS = YES;
				GCC_WARN_64_TO_32_BIT_CONVERSION = YES;
				GCC_WARN_ABOUT_RETURN_TYPE = YES_ERROR;
				GCC_WARN_UNDECLARED_SELECTOR = YES;
				GCC_WARN_UNINITIALIZED_AUTOS = YES_AGGRESSIVE;
				GCC_WARN_UNUSED_FUNCTION = YES;
				GCC_WARN_UNUSED_VARIABLE = YES;
				IPHONEOS_DEPLOYMENT_TARGET = 18.2;
				LOCALIZATION_PREFERS_STRING_CATALOGS = YES;
				MTL_ENABLE_DEBUG_INFO = NO;
				MTL_FAST_MATH = YES;
				SDKROOT = iphoneos;
				SWIFT_COMPILATION_MODE = wholemodule;
				VALIDATE_PRODUCT = YES;
			};
			name = Release;
		};
		4C73C7632D57DF41005F0648 /* Debug */ = {
			isa = XCBuildConfiguration;
			buildSettings = {
				ASSETCATALOG_COMPILER_APPICON_NAME = AppIcon;
				ASSETCATALOG_COMPILER_GLOBAL_ACCENT_COLOR_NAME = AccentColor;
				CODE_SIGN_STYLE = Automatic;
				CURRENT_PROJECT_VERSION = 1;
				DEVELOPMENT_ASSET_PATHS = "\"Bootwarmer/Preview Content\"";
				DEVELOPMENT_TEAM = M74Y8C7TSG;
				ENABLE_PREVIEWS = YES;
				GENERATE_INFOPLIST_FILE = YES;
				"INFOPLIST_FILE[sdk=*]" = Info.plist;
				INFOPLIST_KEY_UIApplicationSceneManifest_Generation = YES;
				INFOPLIST_KEY_UIApplicationSupportsIndirectInputEvents = YES;
				INFOPLIST_KEY_UILaunchScreen_Generation = YES;
				INFOPLIST_KEY_UISupportedInterfaceOrientations_iPad = "UIInterfaceOrientationPortrait UIInterfaceOrientationPortraitUpsideDown UIInterfaceOrientationLandscapeLeft UIInterfaceOrientationLandscapeRight";
				INFOPLIST_KEY_UISupportedInterfaceOrientations_iPhone = "UIInterfaceOrientationPortrait UIInterfaceOrientationLandscapeLeft UIInterfaceOrientationLandscapeRight";
				LD_RUNPATH_SEARCH_PATHS = (
					"$(inherited)",
					"@executable_path/Frameworks",
				);
				MARKETING_VERSION = 1.0;
				PRODUCT_BUNDLE_IDENTIFIER = bentboolean.Bootwarmer;
				PRODUCT_NAME = "$(TARGET_NAME)";
				SWIFT_EMIT_LOC_STRINGS = YES;
				SWIFT_VERSION = 5.0;
				TARGETED_DEVICE_FAMILY = "1,2";
			};
			name = Debug;
		};
		4C73C7642D57DF41005F0648 /* Release */ = {
			isa = XCBuildConfiguration;
			buildSettings = {
				ASSETCATALOG_COMPILER_APPICON_NAME = AppIcon;
				ASSETCATALOG_COMPILER_GLOBAL_ACCENT_COLOR_NAME = AccentColor;
				CODE_SIGN_STYLE = Automatic;
				CURRENT_PROJECT_VERSION = 1;
				DEVELOPMENT_ASSET_PATHS = "\"Bootwarmer/Preview Content\"";
				DEVELOPMENT_TEAM = M74Y8C7TSG;
				ENABLE_PREVIEWS = YES;
				GENERATE_INFOPLIST_FILE = YES;
				"INFOPLIST_FILE[sdk=*]" = Info.plist;
				INFOPLIST_KEY_UIApplicationSceneManifest_Generation = YES;
				INFOPLIST_KEY_UIApplicationSupportsIndirectInputEvents = YES;
				INFOPLIST_KEY_UILaunchScreen_Generation = YES;
				INFOPLIST_KEY_UISupportedInterfaceOrientations_iPad = "UIInterfaceOrientationPortrait UIInterfaceOrientationPortraitUpsideDown UIInterfaceOrientationLandscapeLeft UIInterfaceOrientationLandscapeRight";
				INFOPLIST_KEY_UISupportedInterfaceOrientations_iPhone = "UIInterfaceOrientationPortrait UIInterfaceOrientationLandscapeLeft UIInterfaceOrientationLandscapeRight";
				LD_RUNPATH_SEARCH_PATHS = (
					"$(inherited)",
					"@executable_path/Frameworks",
				);
				MARKETING_VERSION = 1.0;
				PRODUCT_BUNDLE_IDENTIFIER = bentboolean.Bootwarmer;
				PRODUCT_NAME = "$(TARGET_NAME)";
				SWIFT_EMIT_LOC_STRINGS = YES;
				SWIFT_VERSION = 5.0;
				TARGETED_DEVICE_FAMILY = "1,2";
			};
			name = Release;
		};
		4C73C7662D57DF41005F0648 /* Debug */ = {
			isa = XCBuildConfiguration;
			buildSettings = {
				BUNDLE_LOADER = "$(TEST_HOST)";
				CODE_SIGN_STYLE = Automatic;
				CURRENT_PROJECT_VERSION = 1;
				GENERATE_INFOPLIST_FILE = YES;
				IPHONEOS_DEPLOYMENT_TARGET = 18.2;
				MARKETING_VERSION = 1.0;
				PRODUCT_BUNDLE_IDENTIFIER = bentboolean.BootwarmerTests;
				PRODUCT_NAME = "$(TARGET_NAME)";
				SWIFT_EMIT_LOC_STRINGS = NO;
				SWIFT_VERSION = 5.0;
				TARGETED_DEVICE_FAMILY = "1,2";
				TEST_HOST = "$(BUILT_PRODUCTS_DIR)/Bootwarmer.app/$(BUNDLE_EXECUTABLE_FOLDER_PATH)/Bootwarmer";
			};
			name = Debug;
		};
		4C73C7672D57DF41005F0648 /* Release */ = {
			isa = XCBuildConfiguration;
			buildSettings = {
				BUNDLE_LOADER = "$(TEST_HOST)";
				CODE_SIGN_STYLE = Automatic;
				CURRENT_PROJECT_VERSION = 1;
				GENERATE_INFOPLIST_FILE = YES;
				IPHONEOS_DEPLOYMENT_TARGET = 18.2;
				MARKETING_VERSION = 1.0;
				PRODUCT_BUNDLE_IDENTIFIER = bentboolean.BootwarmerTests;
				PRODUCT_NAME = "$(TARGET_NAME)";
				SWIFT_EMIT_LOC_STRINGS = NO;
				SWIFT_VERSION = 5.0;
				TARGETED_DEVICE_FAMILY = "1,2";
				TEST_HOST = "$(BUILT_PRODUCTS_DIR)/Bootwarmer.app/$(BUNDLE_EXECUTABLE_FOLDER_PATH)/Bootwarmer";
			};
			name = Release;
		};
		4C73C7692D57DF41005F0648 /* Debug */ = {
			isa = XCBuildConfiguration;
			buildSettings = {
				CODE_SIGN_STYLE = Automatic;
				CURRENT_PROJECT_VERSION = 1;
				GENERATE_INFOPLIST_FILE = YES;
				MARKETING_VERSION = 1.0;
				PRODUCT_BUNDLE_IDENTIFIER = bentboolean.BootwarmerUITests;
				PRODUCT_NAME = "$(TARGET_NAME)";
				SWIFT_EMIT_LOC_STRINGS = NO;
				SWIFT_VERSION = 5.0;
				TARGETED_DEVICE_FAMILY = "1,2";
				TEST_TARGET_NAME = Bootwarmer;
			};
			name = Debug;
		};
		4C73C76A2D57DF41005F0648 /* Release */ = {
			isa = XCBuildConfiguration;
			buildSettings = {
				CODE_SIGN_STYLE = Automatic;
				CURRENT_PROJECT_VERSION = 1;
				GENERATE_INFOPLIST_FILE = YES;
				MARKETING_VERSION = 1.0;
				PRODUCT_BUNDLE_IDENTIFIER = bentboolean.BootwarmerUITests;
				PRODUCT_NAME = "$(TARGET_NAME)";
				SWIFT_EMIT_LOC_STRINGS = NO;
				SWIFT_VERSION = 5.0;
				TARGETED_DEVICE_FAMILY = "1,2";
				TEST_TARGET_NAME = Bootwarmer;
			};
			name = Release;
		};
/* End XCBuildConfiguration section */

/* Begin XCConfigurationList section */
		4C73C7372D57DF3F005F0648 /* Build configuration list for PBXProject "Bootwarmer" */ = {
			isa = XCConfigurationList;
			buildConfigurations = (
				4C73C7602D57DF41005F0648 /* Debug */,
				4C73C7612D57DF41005F0648 /* Release */,
			);
			defaultConfigurationIsVisible = 0;
			defaultConfigurationName = Release;
		};
		4C73C7622D57DF41005F0648 /* Build configuration list for PBXNativeTarget "Bootwarmer" */ = {
			isa = XCConfigurationList;
			buildConfigurations = (
				4C73C7632D57DF41005F0648 /* Debug */,
				4C73C7642D57DF41005F0648 /* Release */,
			);
			defaultConfigurationIsVisible = 0;
			defaultConfigurationName = Release;
		};
		4C73C7652D57DF41005F0648 /* Build configuration list for PBXNativeTarget "BootwarmerTests" */ = {
			isa = XCConfigurationList;
			buildConfigurations = (
				4C73C7662D57DF41005F0648 /* Debug */,
				4C73C7672D57DF41005F0648 /* Release */,
			);
			defaultConfigurationIsVisible = 0;
			defaultConfigurationName = Release;
		};
		4C73C7682D57DF41005F0648 /* Build configuration list for PBXNativeTarget "BootwarmerUITests" */ = {
			isa = XCConfigurationList;
			buildConfigurations = (
				4C73C7692D57DF41005F0648 /* Debug */,
				4C73C76A2D57DF41005F0648 /* Release */,
			);
			defaultConfigurationIsVisible = 0;
			defaultConfigurationName = Release;
		};
/* End XCConfigurationList section */
	};
	rootObject = 4C73C7342D57DF3F005F0648 /* Project object */;
}
